
Microsoft Visual Studio Solution File, Format Version 12.00
# Visual Studio Version 16
VisualStudioVersion = 16.0.29613.14
MinimumVisualStudioVersion = 10.0.40219.1
Project("{8BC9CEB8-8B4A-11D0-8D11-00A0C91BC942}") = "GameTest", "GameTest\GameTest.vcxproj", "{7A12010B-608E-4FBE-9089-494DBB9078A1}"
EndProject
Project("{8BC9CEB8-8B4A-11D0-8D11-00A0C91BC942}") = "GameToolKit", "GameToolKit\GameToolKit.vcxproj", "{3BB651E7-B817-4C81-9D9D-09BB84DA3E7F}"
EndProject
Project("{8BC9CEB8-8B4A-11D0-8D11-00A0C91BC942}") = "GTK_UnitTesting", "GTK_UnitTesting\GTK_UnitTesting.vcxproj", "{76B58375-03E4-4CBA-955F-A8D8856BD5CA}"
EndProject
Global
	GlobalSection(SolutionConfigurationPlatforms) = preSolution
		Debug|x64 = Debug|x64
		Debug|x86 = Debug|x86
		Release|x64 = Release|x64
		Release|x86 = Release|x86
	EndGlobalSection
	GlobalSection(ProjectConfigurationPlatforms) = postSolution
		{7A12010B-608E-4FBE-9089-494DBB9078A1}.Debug|x64.ActiveCfg = Debug|x64
		{7A12010B-608E-4FBE-9089-494DBB9078A1}.Debug|x64.Build.0 = Debug|x64
		{7A12010B-608E-4FBE-9089-494DBB9078A1}.Debug|x86.ActiveCfg = Debug|Win32
		{7A12010B-608E-4FBE-9089-494DBB9078A1}.Debug|x86.Build.0 = Debug|Win32
		{7A12010B-608E-4FBE-9089-494DBB9078A1}.Release|x64.ActiveCfg = Release|x64
		{7A12010B-608E-4FBE-9089-494DBB9078A1}.Release|x64.Build.0 = Release|x64
		{7A12010B-608E-4FBE-9089-494DBB9078A1}.Release|x86.ActiveCfg = Release|Win32
		{7A12010B-608E-4FBE-9089-494DBB9078A1}.Release|x86.Build.0 = Release|Win32
		{3BB651E7-B817-4C81-9D9D-09BB84DA3E7F}.Debug|x64.ActiveCfg = Debug|x64
		{3BB651E7-B817-4C81-9D9D-09BB84DA3E7F}.Debug|x64.Build.0 = Debug|x64
		{3BB651E7-B817-4C81-9D9D-09BB84DA3E7F}.Debug|x86.ActiveCfg = Debug|Win32
		{3BB651E7-B817-4C81-9D9D-09BB84DA3E7F}.Debug|x86.Build.0 = Debug|Win32
		{3BB651E7-B817-4C81-9D9D-09BB84DA3E7F}.Release|x64.ActiveCfg = Release|x64
		{3BB651E7-B817-4C81-9D9D-09BB84DA3E7F}.Release|x64.Build.0 = Release|x64
		{3BB651E7-B817-4C81-9D9D-09BB84DA3E7F}.Release|x86.ActiveCfg = Release|Win32
		{3BB651E7-B817-4C81-9D9D-09BB84DA3E7F}.Release|x86.Build.0 = Release|Win32
		{76B58375-03E4-4CBA-955F-A8D8856BD5CA}.Debug|x64.ActiveCfg = Debug|x64
		{76B58375-03E4-4CBA-955F-A8D8856BD5CA}.Debug|x64.Build.0 = Debug|x64
		{76B58375-03E4-4CBA-955F-A8D8856BD5CA}.Debug|x86.ActiveCfg = Debug|Win32
		{76B58375-03E4-4CBA-955F-A8D8856BD5CA}.Debug|x86.Build.0 = Debug|Win32
		{76B58375-03E4-4CBA-955F-A8D8856BD5CA}.Release|x64.ActiveCfg = Release|x64
		{76B58375-03E4-4CBA-955F-A8D8856BD5CA}.Release|x64.Build.0 = Release|x64
		{76B58375-03E4-4CBA-955F-A8D8856BD5CA}.Release|x86.ActiveCfg = Release|Win32
		{76B58375-03E4-4CBA-955F-A8D8856BD5CA}.Release|x86.Build.0 = Release|Win32
	EndGlobalSection
	GlobalSection(SolutionProperties) = preSolution
		HideSolutionNode = FALSE
	EndGlobalSection
	GlobalSection(ExtensibilityGlobals) = postSolution
		SolutionGuid = {ABE6B214-0D1D-4920-ABD0-0773A42DF855}
	EndGlobalSection
EndGlobal
